
Microsoft Visual Studio Solution File, Format Version 12.00
# Visual Studio Version 17
VisualStudioVersion = 17.9.34723.18
MinimumVisualStudioVersion = 10.0.40219.1
Project("{9A19103F-16F7-4668-BE54-9A1E7A4F7556}") = "Blog", "Blog.csproj", "{F26442EB-EA1C-4E74-BBB2-1FC2C75CAA92}"
EndProject
Global
	GlobalSection(SolutionConfigurationPlatforms) = preSolution
		Debug|Any CPU = Debug|Any CPU
		Release|Any CPU = Release|Any CPU
	EndGlobalSection
	GlobalSection(ProjectConfigurationPlatforms) = postSolution
		{F26442EB-EA1C-4E74-BBB2-1FC2C75CAA92}.Debug|Any CPU.ActiveCfg = Debug|Any CPU
		{F26442EB-EA1C-4E74-BBB2-1FC2C75CAA92}.Debug|Any CPU.Build.0 = Debug|Any CPU
		{F26442EB-EA1C-4E74-BBB2-1FC2C75CAA92}.Release|Any CPU.ActiveCfg = Release|Any CPU
		{F26442EB-EA1C-4E74-BBB2-1FC2C75CAA92}.Release|Any CPU.Build.0 = Release|Any CPU
	EndGlobalSection
	GlobalSection(SolutionProperties) = preSolution
		HideSolutionNode = FALSE
	EndGlobalSection
	GlobalSection(ExtensibilityGlobals) = postSolution
		SolutionGuid = {9737DE18-CF71-45B0-BC7F-DDE3C2F69FA1}
	EndGlobalSection
EndGlobal
